<?xml version="1.0" encoding="utf-8"?>
<Project ToolsVersion="4.0" xmlns="http://schemas.microsoft.com/developer/msbuild/2003">
  <ItemGroup>
    <None Include="rtmaps_data_conversion.pckinfo" />
  </ItemGroup>
  <ItemGroup>
    <Filter Include="src">
      <UniqueIdentifier>{e83437a5-c8a9-41c4-aa87-f79ea9c6ab21}</UniqueIdentifier>
    </Filter>
    <Filter Include="local_interfaces">
      <UniqueIdentifier>{ab455c0a-a0a2-4618-99a0-8de047226291}</UniqueIdentifier>
    </Filter>
  </ItemGroup>
  <ItemGroup>
    <ClCompile Include="src\maps_lidar_scan_rtmaps_to_robotml.cpp">
      <Filter>src</Filter>
    </ClCompile>
    <ClCompile Include="src\maps_imu_rtmaps_to_robotml.cpp">
      <Filter>src</Filter>
    </ClCompile>
    <ClCompile Include="src\maps_camera_image_rtmaps_to_robotml.cpp">
      <Filter>src</Filter>
    </ClCompile>
    <ClCompile Include="src\maps_gps_rtmaps_to_robotml.cpp">
      <Filter>src</Filter>
    </ClCompile>
    <ClCompile Include="src\maps_wifibot_outputs_rtmaps_to_robotml.cpp">
      <Filter>src</Filter>
    </ClCompile>
    <ClCompile Include="src\maps_wifibot_inputs_robotml_to_rtmaps.cpp">
      <Filter>src</Filter>
    </ClCompile>
  </ItemGroup>
  <ItemGroup>
    <ClInclude Include="local_interfaces\maps_lidar_scan_rtmaps_to_robotml.h">
      <Filter>local_interfaces</Filter>
    </ClInclude>
    <ClInclude Include="local_interfaces\maps_imu_rtmaps_to_robotml.h">
      <Filter>local_interfaces</Filter>
    </ClInclude>
    <ClInclude Include="local_interfaces\maps_camera_image_rtmaps_to_robotml.h">
      <Filter>local_interfaces</Filter>
    </ClInclude>
    <ClInclude Include="local_interfaces\maps_gps_rtmaps_to_robotml.h">
      <Filter>local_interfaces</Filter>
    </ClInclude>
    <ClInclude Include="local_interfaces\maps_proxi_rtmaps_to_robotml.h">
      <Filter>local_interfaces</Filter>
    </ClInclude>
    <ClInclude Include="local_interfaces\maps_wifibot_odometry_rtmaps_to_robotml.h">
      <Filter>local_interfaces</Filter>
    </ClInclude>
    <ClInclude Include="local_interfaces\maps_wifibot_outputs_rtmaps_to_robotml.h">
      <Filter>local_interfaces</Filter>
    </ClInclude>
    <ClInclude Include="local_interfaces\maps_wifibot_inputs_robotml_to_rtmaps.h">
      <Filter>local_interfaces</Filter>
    </ClInclude>
  </ItemGroup>
</Project>